
Microsoft Visual Studio Solution File, Format Version 12.00
# Visual Studio Version 16
VisualStudioVersion = 16.0.31424.327
MinimumVisualStudioVersion = 10.0.40219.1
Project("{FAE04EC0-301F-11D3-BF4B-00C04F79EFBC}") = "ETLWithAzure", "ETLWithAzure\ETLWithAzure.csproj", "{73D421FF-A05F-4D39-BA52-C9F695415AB6}"
EndProject
Global
	GlobalSection(SolutionConfigurationPlatforms) = preSolution
		Debug|Any CPU = Debug|Any CPU
		Release|Any CPU = Release|Any CPU
	EndGlobalSection
	GlobalSection(ProjectConfigurationPlatforms) = postSolution
		{73D421FF-A05F-4D39-BA52-C9F695415AB6}.Debug|Any CPU.ActiveCfg = Debug|Any CPU
		{73D421FF-A05F-4D39-BA52-C9F695415AB6}.Debug|Any CPU.Build.0 = Debug|Any CPU
		{73D421FF-A05F-4D39-BA52-C9F695415AB6}.Release|Any CPU.ActiveCfg = Release|Any CPU
		{73D421FF-A05F-4D39-BA52-C9F695415AB6}.Release|Any CPU.Build.0 = Release|Any CPU
	EndGlobalSection
	GlobalSection(SolutionProperties) = preSolution
		HideSolutionNode = FALSE
	EndGlobalSection
	GlobalSection(ExtensibilityGlobals) = postSolution
		SolutionGuid = {22DB404D-2374-4EA0-933B-23433B3F2533}
	EndGlobalSection
EndGlobal
